
Microsoft Visual Studio Solution File, Format Version 12.00
# Visual Studio Version 17
VisualStudioVersion = 17.0.31410.414
MinimumVisualStudioVersion = 10.0.40219.1
Project("{2150E333-8FDC-42A3-9474-1A3956D46DE8}") = "source", "source", "{B11A00D0-CC54-449A-A32D-7FA74FD67B11}"
EndProject
Project("{2150E333-8FDC-42A3-9474-1A3956D46DE8}") = "Aspire", "Aspire", "{A77FCBF4-5B5E-42A5-B345-5CBD2B37B493}"
EndProject
Project("{2150E333-8FDC-42A3-9474-1A3956D46DE8}") = "Core", "Core", "{7DA563AD-7C6D-423D-A62C-63FF2C996145}"
EndProject
Project("{9A19103F-16F7-4668-BE54-9A1E7A4F7556}") = "Aspire.Core", "src\source\Aspire\Core\Aspire.Core\Aspire.Core.csproj", "{06289478-4AD3-4CB7-9B04-B0FFB0425360}"
EndProject
Project("{2150E333-8FDC-42A3-9474-1A3956D46DE8}") = "Plugins", "Plugins", "{59198F0F-9D6F-4E92-A206-5AABA6E60D44}"
EndProject
Project("{2150E333-8FDC-42A3-9474-1A3956D46DE8}") = "Application", "Application", "{0E156EC6-9B08-488A-9CFE-6A50CF19E1E6}"
EndProject
Project("{9A19103F-16F7-4668-BE54-9A1E7A4F7556}") = "Aspire.Application.Crud.Abstraction", "src\source\Aspire\Plugins\Application\Aspire.Application.Crud.Abstraction\Aspire.Application.Crud.Abstraction.csproj", "{7A62C7F1-963D-45BB-A6E5-D4FB6110DE94}"
EndProject
Project("{2150E333-8FDC-42A3-9474-1A3956D46DE8}") = "Cache", "Cache", "{C765E11B-6920-4C5B-8ADA-06A5C7AB98C6}"
EndProject
Project("{9A19103F-16F7-4668-BE54-9A1E7A4F7556}") = "Aspire.Cache.Abstraction", "src\source\Aspire\Plugins\Cache\Aspire.Cache.Abstraction\Aspire.Cache.Abstraction.csproj", "{0A04A642-0FA5-4ACE-B970-6E6DE657DE2C}"
EndProject
Project("{9A19103F-16F7-4668-BE54-9A1E7A4F7556}") = "Aspire.Cache.CSRedis", "src\source\Aspire\Plugins\Cache\Aspire.Cache.CSRedis\Aspire.Cache.CSRedis.csproj", "{11F10F82-4519-45C7-950B-614D0684965C}"
EndProject
Project("{2150E333-8FDC-42A3-9474-1A3956D46DE8}") = "Entity", "Entity", "{0E8E27FD-91A9-4C5F-BE09-413ABF5EE2BF}"
EndProject
Project("{9A19103F-16F7-4668-BE54-9A1E7A4F7556}") = "Aspire.Entity.Abstraction", "src\source\Aspire\Plugins\Entity\Aspire.Entity.Abstraction\Aspire.Entity.Abstraction.csproj", "{14F5DB80-E973-4FB3-B759-0E19C0615716}"
EndProject
Project("{9A19103F-16F7-4668-BE54-9A1E7A4F7556}") = "Aspire.Entity.FreeSql", "src\source\Aspire\Plugins\Entity\Aspire.Entity.FreeSql\Aspire.Entity.FreeSql.csproj", "{C73FF450-2694-4E2D-9D71-C83E3BC884E3}"
EndProject
Project("{2150E333-8FDC-42A3-9474-1A3956D46DE8}") = "Mapper", "Mapper", "{99561C8C-C4B8-4285-9B63-370982111502}"
EndProject
Project("{9A19103F-16F7-4668-BE54-9A1E7A4F7556}") = "Aspire.Mapper.Abstraction", "src\source\Aspire\Plugins\Mapper\Aspire.Mapper.Abstraction\Aspire.Mapper.Abstraction.csproj", "{4B3F4582-2450-4378-B3E9-5F70BFEECE8B}"
EndProject
Project("{9A19103F-16F7-4668-BE54-9A1E7A4F7556}") = "Aspire.Mapper.AutoMapper", "src\source\Aspire\Plugins\Mapper\Aspire.Mapper.AutoMapper\Aspire.Mapper.AutoMapper.csproj", "{8425B4E3-CD13-4470-9D71-797EAB70CB94}"
EndProject
Project("{2150E333-8FDC-42A3-9474-1A3956D46DE8}") = "Repository", "Repository", "{04C2962B-1C6F-402C-BEC4-0E1DDCC45ACF}"
EndProject
Project("{9A19103F-16F7-4668-BE54-9A1E7A4F7556}") = "Aspire.Repository.FreeSql", "src\source\Aspire\Plugins\Repository\Aspire.Repository.FreeSql\Aspire.Repository.FreeSql.csproj", "{331C0E7F-7B9C-480D-A84C-048BB0F0C8CB}"
EndProject
Project("{9A19103F-16F7-4668-BE54-9A1E7A4F7556}") = "Aspire.Repository.Abstraction", "src\source\Aspire\Plugins\Repository\Aspire.Repository.Abstraction\Aspire.Repository.Abstraction.csproj", "{7A7581D0-3B40-419C-966F-4DD88A7E5666}"
EndProject
Project("{2150E333-8FDC-42A3-9474-1A3956D46DE8}") = "src", "src", "{9791B611-0250-4859-8E78-036132B34096}"
EndProject
Project("{2150E333-8FDC-42A3-9474-1A3956D46DE8}") = "asp.net", "asp.net", "{34EE04F6-839D-41F3-B714-53FC3156C829}"
EndProject
Project("{9A19103F-16F7-4668-BE54-9A1E7A4F7556}") = "Aspire.Repository.Audit.Abstraction", "src\source\Aspire\Plugins\Repository\Aspire.Repository.Audit.Abstraction\Aspire.Repository.Audit.Abstraction.csproj", "{305299F6-FFC6-4194-B272-1EE4ED87960C}"
EndProject
Project("{9A19103F-16F7-4668-BE54-9A1E7A4F7556}") = "Aspire.Utilities", "src\source\Aspire\Core\Aspire.Utilities\Aspire.Utilities.csproj", "{26A6B6A3-AF53-4252-8A67-AE5D9B76E4D9}"
EndProject
Project("{2150E333-8FDC-42A3-9474-1A3956D46DE8}") = "Solution Items", "Solution Items", "{49CA130E-E8C6-4F58-93F7-0F8069E6CC92}"
	ProjectSection(SolutionItems) = preProject
		.gitignore = .gitignore
		dev.bat = dev.bat
		Dockerfile = Dockerfile
		global.json = global.json
		README.md = README.md
	EndProjectSection
EndProject
Project("{9A19103F-16F7-4668-BE54-9A1E7A4F7556}") = "Aspire.Application.DynamicApi", "src\source\Aspire\Plugins\Application\Aspire.Application.DynamicApi\Aspire.Application.DynamicApi.csproj", "{B74D27E8-7013-4FB9-B41F-4DC704F018E1}"
EndProject
Global
	GlobalSection(SolutionConfigurationPlatforms) = preSolution
		Debug|Any CPU = Debug|Any CPU
		Debug|x64 = Debug|x64
		Debug|x86 = Debug|x86
		Release|Any CPU = Release|Any CPU
		Release|x64 = Release|x64
		Release|x86 = Release|x86
	EndGlobalSection
	GlobalSection(ProjectConfigurationPlatforms) = postSolution
		{06289478-4AD3-4CB7-9B04-B0FFB0425360}.Debug|Any CPU.ActiveCfg = Debug|Any CPU
		{06289478-4AD3-4CB7-9B04-B0FFB0425360}.Debug|Any CPU.Build.0 = Debug|Any CPU
		{06289478-4AD3-4CB7-9B04-B0FFB0425360}.Debug|x64.ActiveCfg = Debug|Any CPU
		{06289478-4AD3-4CB7-9B04-B0FFB0425360}.Debug|x64.Build.0 = Debug|Any CPU
		{06289478-4AD3-4CB7-9B04-B0FFB0425360}.Debug|x86.ActiveCfg = Debug|Any CPU
		{06289478-4AD3-4CB7-9B04-B0FFB0425360}.Debug|x86.Build.0 = Debug|Any CPU
		{06289478-4AD3-4CB7-9B04-B0FFB0425360}.Release|Any CPU.ActiveCfg = Release|Any CPU
		{06289478-4AD3-4CB7-9B04-B0FFB0425360}.Release|Any CPU.Build.0 = Release|Any CPU
		{06289478-4AD3-4CB7-9B04-B0FFB0425360}.Release|x64.ActiveCfg = Release|Any CPU
		{06289478-4AD3-4CB7-9B04-B0FFB0425360}.Release|x64.Build.0 = Release|Any CPU
		{06289478-4AD3-4CB7-9B04-B0FFB0425360}.Release|x86.ActiveCfg = Release|Any CPU
		{06289478-4AD3-4CB7-9B04-B0FFB0425360}.Release|x86.Build.0 = Release|Any CPU
		{7A62C7F1-963D-45BB-A6E5-D4FB6110DE94}.Debug|Any CPU.ActiveCfg = Debug|Any CPU
		{7A62C7F1-963D-45BB-A6E5-D4FB6110DE94}.Debug|Any CPU.Build.0 = Debug|Any CPU
		{7A62C7F1-963D-45BB-A6E5-D4FB6110DE94}.Debug|x64.ActiveCfg = Debug|Any CPU
		{7A62C7F1-963D-45BB-A6E5-D4FB6110DE94}.Debug|x64.Build.0 = Debug|Any CPU
		{7A62C7F1-963D-45BB-A6E5-D4FB6110DE94}.Debug|x86.ActiveCfg = Debug|Any CPU
		{7A62C7F1-963D-45BB-A6E5-D4FB6110DE94}.Debug|x86.Build.0 = Debug|Any CPU
		{7A62C7F1-963D-45BB-A6E5-D4FB6110DE94}.Release|Any CPU.ActiveCfg = Release|Any CPU
		{7A62C7F1-963D-45BB-A6E5-D4FB6110DE94}.Release|Any CPU.Build.0 = Release|Any CPU
		{7A62C7F1-963D-45BB-A6E5-D4FB6110DE94}.Release|x64.ActiveCfg = Release|Any CPU
		{7A62C7F1-963D-45BB-A6E5-D4FB6110DE94}.Release|x64.Build.0 = Release|Any CPU
		{7A62C7F1-963D-45BB-A6E5-D4FB6110DE94}.Release|x86.ActiveCfg = Release|Any CPU
		{7A62C7F1-963D-45BB-A6E5-D4FB6110DE94}.Release|x86.Build.0 = Release|Any CPU
		{0A04A642-0FA5-4ACE-B970-6E6DE657DE2C}.Debug|Any CPU.ActiveCfg = Debug|Any CPU
		{0A04A642-0FA5-4ACE-B970-6E6DE657DE2C}.Debug|Any CPU.Build.0 = Debug|Any CPU
		{0A04A642-0FA5-4ACE-B970-6E6DE657DE2C}.Debug|x64.ActiveCfg = Debug|Any CPU
		{0A04A642-0FA5-4ACE-B970-6E6DE657DE2C}.Debug|x64.Build.0 = Debug|Any CPU
		{0A04A642-0FA5-4ACE-B970-6E6DE657DE2C}.Debug|x86.ActiveCfg = Debug|Any CPU
		{0A04A642-0FA5-4ACE-B970-6E6DE657DE2C}.Debug|x86.Build.0 = Debug|Any CPU
		{0A04A642-0FA5-4ACE-B970-6E6DE657DE2C}.Release|Any CPU.ActiveCfg = Release|Any CPU
		{0A04A642-0FA5-4ACE-B970-6E6DE657DE2C}.Release|Any CPU.Build.0 = Release|Any CPU
		{0A04A642-0FA5-4ACE-B970-6E6DE657DE2C}.Release|x64.ActiveCfg = Release|Any CPU
		{0A04A642-0FA5-4ACE-B970-6E6DE657DE2C}.Release|x64.Build.0 = Release|Any CPU
		{0A04A642-0FA5-4ACE-B970-6E6DE657DE2C}.Release|x86.ActiveCfg = Release|Any CPU
		{0A04A642-0FA5-4ACE-B970-6E6DE657DE2C}.Release|x86.Build.0 = Release|Any CPU
		{11F10F82-4519-45C7-950B-614D0684965C}.Debug|Any CPU.ActiveCfg = Debug|Any CPU
		{11F10F82-4519-45C7-950B-614D0684965C}.Debug|Any CPU.Build.0 = Debug|Any CPU
		{11F10F82-4519-45C7-950B-614D0684965C}.Debug|x64.ActiveCfg = Debug|Any CPU
		{11F10F82-4519-45C7-950B-614D0684965C}.Debug|x64.Build.0 = Debug|Any CPU
		{11F10F82-4519-45C7-950B-614D0684965C}.Debug|x86.ActiveCfg = Debug|Any CPU
		{11F10F82-4519-45C7-950B-614D0684965C}.Debug|x86.Build.0 = Debug|Any CPU
		{11F10F82-4519-45C7-950B-614D0684965C}.Release|Any CPU.ActiveCfg = Release|Any CPU
		{11F10F82-4519-45C7-950B-614D0684965C}.Release|Any CPU.Build.0 = Release|Any CPU
		{11F10F82-4519-45C7-950B-614D0684965C}.Release|x64.ActiveCfg = Release|Any CPU
		{11F10F82-4519-45C7-950B-614D0684965C}.Release|x64.Build.0 = Release|Any CPU
		{11F10F82-4519-45C7-950B-614D0684965C}.Release|x86.ActiveCfg = Release|Any CPU
		{11F10F82-4519-45C7-950B-614D0684965C}.Release|x86.Build.0 = Release|Any CPU
		{14F5DB80-E973-4FB3-B759-0E19C0615716}.Debug|Any CPU.ActiveCfg = Debug|Any CPU
		{14F5DB80-E973-4FB3-B759-0E19C0615716}.Debug|Any CPU.Build.0 = Debug|Any CPU
		{14F5DB80-E973-4FB3-B759-0E19C0615716}.Debug|x64.ActiveCfg = Debug|Any CPU
		{14F5DB80-E973-4FB3-B759-0E19C0615716}.Debug|x64.Build.0 = Debug|Any CPU
		{14F5DB80-E973-4FB3-B759-0E19C0615716}.Debug|x86.ActiveCfg = Debug|Any CPU
		{14F5DB80-E973-4FB3-B759-0E19C0615716}.Debug|x86.Build.0 = Debug|Any CPU
		{14F5DB80-E973-4FB3-B759-0E19C0615716}.Release|Any CPU.ActiveCfg = Release|Any CPU
		{14F5DB80-E973-4FB3-B759-0E19C0615716}.Release|Any CPU.Build.0 = Release|Any CPU
		{14F5DB80-E973-4FB3-B759-0E19C0615716}.Release|x64.ActiveCfg = Release|Any CPU
		{14F5DB80-E973-4FB3-B759-0E19C0615716}.Release|x64.Build.0 = Release|Any CPU
		{14F5DB80-E973-4FB3-B759-0E19C0615716}.Release|x86.ActiveCfg = Release|Any CPU
		{14F5DB80-E973-4FB3-B759-0E19C0615716}.Release|x86.Build.0 = Release|Any CPU
		{C73FF450-2694-4E2D-9D71-C83E3BC884E3}.Debug|Any CPU.ActiveCfg = Debug|Any CPU
		{C73FF450-2694-4E2D-9D71-C83E3BC884E3}.Debug|Any CPU.Build.0 = Debug|Any CPU
		{C73FF450-2694-4E2D-9D71-C83E3BC884E3}.Debug|x64.ActiveCfg = Debug|Any CPU
		{C73FF450-2694-4E2D-9D71-C83E3BC884E3}.Debug|x64.Build.0 = Debug|Any CPU
		{C73FF450-2694-4E2D-9D71-C83E3BC884E3}.Debug|x86.ActiveCfg = Debug|Any CPU
		{C73FF450-2694-4E2D-9D71-C83E3BC884E3}.Debug|x86.Build.0 = Debug|Any CPU
		{C73FF450-2694-4E2D-9D71-C83E3BC884E3}.Release|Any CPU.ActiveCfg = Release|Any CPU
		{C73FF450-2694-4E2D-9D71-C83E3BC884E3}.Release|Any CPU.Build.0 = Release|Any CPU
		{C73FF450-2694-4E2D-9D71-C83E3BC884E3}.Release|x64.ActiveCfg = Release|Any CPU
		{C73FF450-2694-4E2D-9D71-C83E3BC884E3}.Release|x64.Build.0 = Release|Any CPU
		{C73FF450-2694-4E2D-9D71-C83E3BC884E3}.Release|x86.ActiveCfg = Release|Any CPU
		{C73FF450-2694-4E2D-9D71-C83E3BC884E3}.Release|x86.Build.0 = Release|Any CPU
		{4B3F4582-2450-4378-B3E9-5F70BFEECE8B}.Debug|Any CPU.ActiveCfg = Debug|Any CPU
		{4B3F4582-2450-4378-B3E9-5F70BFEECE8B}.Debug|Any CPU.Build.0 = Debug|Any CPU
		{4B3F4582-2450-4378-B3E9-5F70BFEECE8B}.Debug|x64.ActiveCfg = Debug|Any CPU
		{4B3F4582-2450-4378-B3E9-5F70BFEECE8B}.Debug|x64.Build.0 = Debug|Any CPU
		{4B3F4582-2450-4378-B3E9-5F70BFEECE8B}.Debug|x86.ActiveCfg = Debug|Any CPU
		{4B3F4582-2450-4378-B3E9-5F70BFEECE8B}.Debug|x86.Build.0 = Debug|Any CPU
		{4B3F4582-2450-4378-B3E9-5F70BFEECE8B}.Release|Any CPU.ActiveCfg = Release|Any CPU
		{4B3F4582-2450-4378-B3E9-5F70BFEECE8B}.Release|Any CPU.Build.0 = Release|Any CPU
		{4B3F4582-2450-4378-B3E9-5F70BFEECE8B}.Release|x64.ActiveCfg = Release|Any CPU
		{4B3F4582-2450-4378-B3E9-5F70BFEECE8B}.Release|x64.Build.0 = Release|Any CPU
		{4B3F4582-2450-4378-B3E9-5F70BFEECE8B}.Release|x86.ActiveCfg = Release|Any CPU
		{4B3F4582-2450-4378-B3E9-5F70BFEECE8B}.Release|x86.Build.0 = Release|Any CPU
		{8425B4E3-CD13-4470-9D71-797EAB70CB94}.Debug|Any CPU.ActiveCfg = Debug|Any CPU
		{8425B4E3-CD13-4470-9D71-797EAB70CB94}.Debug|Any CPU.Build.0 = Debug|Any CPU
		{8425B4E3-CD13-4470-9D71-797EAB70CB94}.Debug|x64.ActiveCfg = Debug|Any CPU
		{8425B4E3-CD13-4470-9D71-797EAB70CB94}.Debug|x64.Build.0 = Debug|Any CPU
		{8425B4E3-CD13-4470-9D71-797EAB70CB94}.Debug|x86.ActiveCfg = Debug|Any CPU
		{8425B4E3-CD13-4470-9D71-797EAB70CB94}.Debug|x86.Build.0 = Debug|Any CPU
		{8425B4E3-CD13-4470-9D71-797EAB70CB94}.Release|Any CPU.ActiveCfg = Release|Any CPU
		{8425B4E3-CD13-4470-9D71-797EAB70CB94}.Release|Any CPU.Build.0 = Release|Any CPU
		{8425B4E3-CD13-4470-9D71-797EAB70CB94}.Release|x64.ActiveCfg = Release|Any CPU
		{8425B4E3-CD13-4470-9D71-797EAB70CB94}.Release|x64.Build.0 = Release|Any CPU
		{8425B4E3-CD13-4470-9D71-797EAB70CB94}.Release|x86.ActiveCfg = Release|Any CPU
		{8425B4E3-CD13-4470-9D71-797EAB70CB94}.Release|x86.Build.0 = Release|Any CPU
		{331C0E7F-7B9C-480D-A84C-048BB0F0C8CB}.Debug|Any CPU.ActiveCfg = Debug|Any CPU
		{331C0E7F-7B9C-480D-A84C-048BB0F0C8CB}.Debug|Any CPU.Build.0 = Debug|Any CPU
		{331C0E7F-7B9C-480D-A84C-048BB0F0C8CB}.Debug|x64.ActiveCfg = Debug|Any CPU
		{331C0E7F-7B9C-480D-A84C-048BB0F0C8CB}.Debug|x64.Build.0 = Debug|Any CPU
		{331C0E7F-7B9C-480D-A84C-048BB0F0C8CB}.Debug|x86.ActiveCfg = Debug|Any CPU
		{331C0E7F-7B9C-480D-A84C-048BB0F0C8CB}.Debug|x86.Build.0 = Debug|Any CPU
		{331C0E7F-7B9C-480D-A84C-048BB0F0C8CB}.Release|Any CPU.ActiveCfg = Release|Any CPU
		{331C0E7F-7B9C-480D-A84C-048BB0F0C8CB}.Release|Any CPU.Build.0 = Release|Any CPU
		{331C0E7F-7B9C-480D-A84C-048BB0F0C8CB}.Release|x64.ActiveCfg = Release|Any CPU
		{331C0E7F-7B9C-480D-A84C-048BB0F0C8CB}.Release|x64.Build.0 = Release|Any CPU
		{331C0E7F-7B9C-480D-A84C-048BB0F0C8CB}.Release|x86.ActiveCfg = Release|Any CPU
		{331C0E7F-7B9C-480D-A84C-048BB0F0C8CB}.Release|x86.Build.0 = Release|Any CPU
		{7A7581D0-3B40-419C-966F-4DD88A7E5666}.Debug|Any CPU.ActiveCfg = Debug|Any CPU
		{7A7581D0-3B40-419C-966F-4DD88A7E5666}.Debug|Any CPU.Build.0 = Debug|Any CPU
		{7A7581D0-3B40-419C-966F-4DD88A7E5666}.Debug|x64.ActiveCfg = Debug|Any CPU
		{7A7581D0-3B40-419C-966F-4DD88A7E5666}.Debug|x64.Build.0 = Debug|Any CPU
		{7A7581D0-3B40-419C-966F-4DD88A7E5666}.Debug|x86.ActiveCfg = Debug|Any CPU
		{7A7581D0-3B40-419C-966F-4DD88A7E5666}.Debug|x86.Build.0 = Debug|Any CPU
		{7A7581D0-3B40-419C-966F-4DD88A7E5666}.Release|Any CPU.ActiveCfg = Release|Any CPU
		{7A7581D0-3B40-419C-966F-4DD88A7E5666}.Release|Any CPU.Build.0 = Release|Any CPU
		{7A7581D0-3B40-419C-966F-4DD88A7E5666}.Release|x64.ActiveCfg = Release|Any CPU
		{7A7581D0-3B40-419C-966F-4DD88A7E5666}.Release|x64.Build.0 = Release|Any CPU
		{7A7581D0-3B40-419C-966F-4DD88A7E5666}.Release|x86.ActiveCfg = Release|Any CPU
		{7A7581D0-3B40-419C-966F-4DD88A7E5666}.Release|x86.Build.0 = Release|Any CPU
		{305299F6-FFC6-4194-B272-1EE4ED87960C}.Debug|Any CPU.ActiveCfg = Debug|Any CPU
		{305299F6-FFC6-4194-B272-1EE4ED87960C}.Debug|Any CPU.Build.0 = Debug|Any CPU
		{305299F6-FFC6-4194-B272-1EE4ED87960C}.Debug|x64.ActiveCfg = Debug|Any CPU
		{305299F6-FFC6-4194-B272-1EE4ED87960C}.Debug|x64.Build.0 = Debug|Any CPU
		{305299F6-FFC6-4194-B272-1EE4ED87960C}.Debug|x86.ActiveCfg = Debug|Any CPU
		{305299F6-FFC6-4194-B272-1EE4ED87960C}.Debug|x86.Build.0 = Debug|Any CPU
		{305299F6-FFC6-4194-B272-1EE4ED87960C}.Release|Any CPU.ActiveCfg = Release|Any CPU
		{305299F6-FFC6-4194-B272-1EE4ED87960C}.Release|Any CPU.Build.0 = Release|Any CPU
		{305299F6-FFC6-4194-B272-1EE4ED87960C}.Release|x64.ActiveCfg = Release|Any CPU
		{305299F6-FFC6-4194-B272-1EE4ED87960C}.Release|x64.Build.0 = Release|Any CPU
		{305299F6-FFC6-4194-B272-1EE4ED87960C}.Release|x86.ActiveCfg = Release|Any CPU
		{305299F6-FFC6-4194-B272-1EE4ED87960C}.Release|x86.Build.0 = Release|Any CPU
		{26A6B6A3-AF53-4252-8A67-AE5D9B76E4D9}.Debug|Any CPU.ActiveCfg = Debug|Any CPU
		{26A6B6A3-AF53-4252-8A67-AE5D9B76E4D9}.Debug|Any CPU.Build.0 = Debug|Any CPU
		{26A6B6A3-AF53-4252-8A67-AE5D9B76E4D9}.Debug|x64.ActiveCfg = Debug|Any CPU
		{26A6B6A3-AF53-4252-8A67-AE5D9B76E4D9}.Debug|x64.Build.0 = Debug|Any CPU
		{26A6B6A3-AF53-4252-8A67-AE5D9B76E4D9}.Debug|x86.ActiveCfg = Debug|Any CPU
		{26A6B6A3-AF53-4252-8A67-AE5D9B76E4D9}.Debug|x86.Build.0 = Debug|Any CPU
		{26A6B6A3-AF53-4252-8A67-AE5D9B76E4D9}.Release|Any CPU.ActiveCfg = Release|Any CPU
		{26A6B6A3-AF53-4252-8A67-AE5D9B76E4D9}.Release|Any CPU.Build.0 = Release|Any CPU
		{26A6B6A3-AF53-4252-8A67-AE5D9B76E4D9}.Release|x64.ActiveCfg = Release|Any CPU
		{26A6B6A3-AF53-4252-8A67-AE5D9B76E4D9}.Release|x64.Build.0 = Release|Any CPU
		{26A6B6A3-AF53-4252-8A67-AE5D9B76E4D9}.Release|x86.ActiveCfg = Release|Any CPU
		{26A6B6A3-AF53-4252-8A67-AE5D9B76E4D9}.Release|x86.Build.0 = Release|Any CPU
		{B74D27E8-7013-4FB9-B41F-4DC704F018E1}.Debug|Any CPU.ActiveCfg = Debug|Any CPU
		{B74D27E8-7013-4FB9-B41F-4DC704F018E1}.Debug|Any CPU.Build.0 = Debug|Any CPU
		{B74D27E8-7013-4FB9-B41F-4DC704F018E1}.Debug|x64.ActiveCfg = Debug|Any CPU
		{B74D27E8-7013-4FB9-B41F-4DC704F018E1}.Debug|x64.Build.0 = Debug|Any CPU
		{B74D27E8-7013-4FB9-B41F-4DC704F018E1}.Debug|x86.ActiveCfg = Debug|Any CPU
		{B74D27E8-7013-4FB9-B41F-4DC704F018E1}.Debug|x86.Build.0 = Debug|Any CPU
		{B74D27E8-7013-4FB9-B41F-4DC704F018E1}.Release|Any CPU.ActiveCfg = Release|Any CPU
		{B74D27E8-7013-4FB9-B41F-4DC704F018E1}.Release|Any CPU.Build.0 = Release|Any CPU
		{B74D27E8-7013-4FB9-B41F-4DC704F018E1}.Release|x64.ActiveCfg = Release|Any CPU
		{B74D27E8-7013-4FB9-B41F-4DC704F018E1}.Release|x64.Build.0 = Release|Any CPU
		{B74D27E8-7013-4FB9-B41F-4DC704F018E1}.Release|x86.ActiveCfg = Release|Any CPU
		{B74D27E8-7013-4FB9-B41F-4DC704F018E1}.Release|x86.Build.0 = Release|Any CPU
	EndGlobalSection
	GlobalSection(SolutionProperties) = preSolution
		HideSolutionNode = FALSE
	EndGlobalSection
	GlobalSection(NestedProjects) = preSolution
		{B11A00D0-CC54-449A-A32D-7FA74FD67B11} = {9791B611-0250-4859-8E78-036132B34096}
		{A77FCBF4-5B5E-42A5-B345-5CBD2B37B493} = {B11A00D0-CC54-449A-A32D-7FA74FD67B11}
		{7DA563AD-7C6D-423D-A62C-63FF2C996145} = {A77FCBF4-5B5E-42A5-B345-5CBD2B37B493}
		{06289478-4AD3-4CB7-9B04-B0FFB0425360} = {7DA563AD-7C6D-423D-A62C-63FF2C996145}
		{59198F0F-9D6F-4E92-A206-5AABA6E60D44} = {A77FCBF4-5B5E-42A5-B345-5CBD2B37B493}
		{0E156EC6-9B08-488A-9CFE-6A50CF19E1E6} = {59198F0F-9D6F-4E92-A206-5AABA6E60D44}
		{7A62C7F1-963D-45BB-A6E5-D4FB6110DE94} = {0E156EC6-9B08-488A-9CFE-6A50CF19E1E6}
		{C765E11B-6920-4C5B-8ADA-06A5C7AB98C6} = {59198F0F-9D6F-4E92-A206-5AABA6E60D44}
		{0A04A642-0FA5-4ACE-B970-6E6DE657DE2C} = {C765E11B-6920-4C5B-8ADA-06A5C7AB98C6}
		{11F10F82-4519-45C7-950B-614D0684965C} = {C765E11B-6920-4C5B-8ADA-06A5C7AB98C6}
		{0E8E27FD-91A9-4C5F-BE09-413ABF5EE2BF} = {59198F0F-9D6F-4E92-A206-5AABA6E60D44}
		{14F5DB80-E973-4FB3-B759-0E19C0615716} = {0E8E27FD-91A9-4C5F-BE09-413ABF5EE2BF}
		{C73FF450-2694-4E2D-9D71-C83E3BC884E3} = {0E8E27FD-91A9-4C5F-BE09-413ABF5EE2BF}
		{99561C8C-C4B8-4285-9B63-370982111502} = {59198F0F-9D6F-4E92-A206-5AABA6E60D44}
		{4B3F4582-2450-4378-B3E9-5F70BFEECE8B} = {99561C8C-C4B8-4285-9B63-370982111502}
		{8425B4E3-CD13-4470-9D71-797EAB70CB94} = {99561C8C-C4B8-4285-9B63-370982111502}
		{04C2962B-1C6F-402C-BEC4-0E1DDCC45ACF} = {59198F0F-9D6F-4E92-A206-5AABA6E60D44}
		{331C0E7F-7B9C-480D-A84C-048BB0F0C8CB} = {04C2962B-1C6F-402C-BEC4-0E1DDCC45ACF}
		{7A7581D0-3B40-419C-966F-4DD88A7E5666} = {04C2962B-1C6F-402C-BEC4-0E1DDCC45ACF}
		{34EE04F6-839D-41F3-B714-53FC3156C829} = {9791B611-0250-4859-8E78-036132B34096}
		{305299F6-FFC6-4194-B272-1EE4ED87960C} = {04C2962B-1C6F-402C-BEC4-0E1DDCC45ACF}
		{26A6B6A3-AF53-4252-8A67-AE5D9B76E4D9} = {7DA563AD-7C6D-423D-A62C-63FF2C996145}
		{B74D27E8-7013-4FB9-B41F-4DC704F018E1} = {0E156EC6-9B08-488A-9CFE-6A50CF19E1E6}
	EndGlobalSection
	GlobalSection(ExtensibilityGlobals) = postSolution
		SolutionGuid = {CD1AFE28-4471-4D63-BBA4-943F35366407}
	EndGlobalSection
EndGlobal
